{
  "requires": true,
  "lockfileVersion": 1,
  "dependencies": {
    "angular-oauth2-oidc": {
      "version": "4.0.3",
      "resolved": "https://registry.npmjs.org/angular-oauth2-oidc/-/angular-oauth2-oidc-4.0.3.tgz",
      "integrity": "sha512-ouVrv/wwE8troSaL0H5/vzFhc2Ly4Awi/sTo1o9X0kAKt7VKkQZOGih7/ifNAEGxLuR41US8m8XNByeS4SiArQ==",
      "requires": {
        "jsrsasign": "^8.0.12",
        "tslib": "^1.9.0"
      }
    },
    "jsrsasign": {
      "version": "8.0.12",
      "resolved": "https://registry.npmjs.org/jsrsasign/-/jsrsasign-8.0.12.tgz",
      "integrity": "sha1-Iqu5ZW00owuVMENnIINeicLlwxY="
    },
    "tslib": {
      "version": "1.9.3",
      "resolved": "https://registry.npmjs.org/tslib/-/tslib-1.9.3.tgz",
      "integrity": "sha512-4krF8scpejhaOgqzBEcGM7yDIEfi0/8+8zDRZhNZZ2kjmHJ4hv3zCbQWxoJGz1iw5U0Jl0nma13xzHXcncMavQ=="
    }
  }
}
